
Microsoft Visual Studio Solution File, Format Version 12.00
# Visual Studio Version 17
VisualStudioVersion = 17.5.33424.131
MinimumVisualStudioVersion = 10.0.40219.1
Project("{9A19103F-16F7-4668-BE54-9A1E7A4F7556}") = "Domain", "Domain\Domain.csproj", "{FAFA809F-31F7-4340-AFDE-DA9BA903A0DD}"
EndProject
Project("{9A19103F-16F7-4668-BE54-9A1E7A4F7556}") = "Infra", "Infra\Infra.csproj", "{AAD7C8BB-C5C1-4AA3-B235-315316423C4D}"
EndProject
Project("{9A19103F-16F7-4668-BE54-9A1E7A4F7556}") = "Entities", "Entities\Entities.csproj", "{E709C979-E5DD-43FA-BF70-8495B0A82B38}"
EndProject
Project("{9A19103F-16F7-4668-BE54-9A1E7A4F7556}") = "Tests", "Tests\Tests.csproj", "{FD0257A2-0DC9-436D-9BF0-BFE506329D88}"
EndProject
Project("{9A19103F-16F7-4668-BE54-9A1E7A4F7556}") = "FinancialAssetManager", "FinancialAssetManager\FinancialAssetManager.csproj", "{5EA60B20-514E-44A9-A2BC-8121DB6AD62A}"
EndProject
Project("{2150E333-8FDC-42A3-9474-1A3956D46DE8}") = "1 - Application", "1 - Application", "{1B389F5C-24EF-41F0-9F32-965D8912ACD2}"
EndProject
Project("{2150E333-8FDC-42A3-9474-1A3956D46DE8}") = "2 - Domain", "2 - Domain", "{F4E73ACA-CF06-4785-9CA3-B0B8F4C960EA}"
EndProject
Project("{2150E333-8FDC-42A3-9474-1A3956D46DE8}") = "3 - Infra", "3 - Infra", "{F00D7B9E-8A14-4AE6-BE9A-8D6EC85B2CA4}"
EndProject
Project("{2150E333-8FDC-42A3-9474-1A3956D46DE8}") = "4 - Entities", "4 - Entities", "{71DF73C0-455A-4E8E-AF15-1F72F3E17E2D}"
EndProject
Project("{2150E333-8FDC-42A3-9474-1A3956D46DE8}") = "5 - Tests", "5 - Tests", "{AAB75E9B-C1AC-4215-9B15-1A7BD2676F0D}"
EndProject
Global
	GlobalSection(SolutionConfigurationPlatforms) = preSolution
		Debug|Any CPU = Debug|Any CPU
		Release|Any CPU = Release|Any CPU
	EndGlobalSection
	GlobalSection(ProjectConfigurationPlatforms) = postSolution
		{FAFA809F-31F7-4340-AFDE-DA9BA903A0DD}.Debug|Any CPU.ActiveCfg = Debug|Any CPU
		{FAFA809F-31F7-4340-AFDE-DA9BA903A0DD}.Debug|Any CPU.Build.0 = Debug|Any CPU
		{FAFA809F-31F7-4340-AFDE-DA9BA903A0DD}.Release|Any CPU.ActiveCfg = Release|Any CPU
		{FAFA809F-31F7-4340-AFDE-DA9BA903A0DD}.Release|Any CPU.Build.0 = Release|Any CPU
		{AAD7C8BB-C5C1-4AA3-B235-315316423C4D}.Debug|Any CPU.ActiveCfg = Debug|Any CPU
		{AAD7C8BB-C5C1-4AA3-B235-315316423C4D}.Debug|Any CPU.Build.0 = Debug|Any CPU
		{AAD7C8BB-C5C1-4AA3-B235-315316423C4D}.Release|Any CPU.ActiveCfg = Release|Any CPU
		{AAD7C8BB-C5C1-4AA3-B235-315316423C4D}.Release|Any CPU.Build.0 = Release|Any CPU
		{E709C979-E5DD-43FA-BF70-8495B0A82B38}.Debug|Any CPU.ActiveCfg = Debug|Any CPU
		{E709C979-E5DD-43FA-BF70-8495B0A82B38}.Debug|Any CPU.Build.0 = Debug|Any CPU
		{E709C979-E5DD-43FA-BF70-8495B0A82B38}.Release|Any CPU.ActiveCfg = Release|Any CPU
		{E709C979-E5DD-43FA-BF70-8495B0A82B38}.Release|Any CPU.Build.0 = Release|Any CPU
		{FD0257A2-0DC9-436D-9BF0-BFE506329D88}.Debug|Any CPU.ActiveCfg = Debug|Any CPU
		{FD0257A2-0DC9-436D-9BF0-BFE506329D88}.Debug|Any CPU.Build.0 = Debug|Any CPU
		{FD0257A2-0DC9-436D-9BF0-BFE506329D88}.Release|Any CPU.ActiveCfg = Release|Any CPU
		{FD0257A2-0DC9-436D-9BF0-BFE506329D88}.Release|Any CPU.Build.0 = Release|Any CPU
		{5EA60B20-514E-44A9-A2BC-8121DB6AD62A}.Debug|Any CPU.ActiveCfg = Debug|Any CPU
		{5EA60B20-514E-44A9-A2BC-8121DB6AD62A}.Debug|Any CPU.Build.0 = Debug|Any CPU
		{5EA60B20-514E-44A9-A2BC-8121DB6AD62A}.Release|Any CPU.ActiveCfg = Release|Any CPU
		{5EA60B20-514E-44A9-A2BC-8121DB6AD62A}.Release|Any CPU.Build.0 = Release|Any CPU
	EndGlobalSection
	GlobalSection(SolutionProperties) = preSolution
		HideSolutionNode = FALSE
	EndGlobalSection
	GlobalSection(NestedProjects) = preSolution
		{FAFA809F-31F7-4340-AFDE-DA9BA903A0DD} = {F4E73ACA-CF06-4785-9CA3-B0B8F4C960EA}
		{AAD7C8BB-C5C1-4AA3-B235-315316423C4D} = {F00D7B9E-8A14-4AE6-BE9A-8D6EC85B2CA4}
		{E709C979-E5DD-43FA-BF70-8495B0A82B38} = {71DF73C0-455A-4E8E-AF15-1F72F3E17E2D}
		{FD0257A2-0DC9-436D-9BF0-BFE506329D88} = {AAB75E9B-C1AC-4215-9B15-1A7BD2676F0D}
		{5EA60B20-514E-44A9-A2BC-8121DB6AD62A} = {1B389F5C-24EF-41F0-9F32-965D8912ACD2}
	EndGlobalSection
	GlobalSection(ExtensibilityGlobals) = postSolution
		SolutionGuid = {349B1322-E660-4C60-AC1C-D8AFDC06DD25}
	EndGlobalSection
EndGlobal
